// !$*UTF8*$!
{
	archiveVersion = 1;
	classes = {
	};
	objectVersion = 56;
	objects = {

/* Begin PBXBuildFile section */
		C10921BB2C5C96A000C4633F /* SocketIO in Frameworks */ = {isa = PBXBuildFile; productRef = C10921BA2C5C96A000C4633F /* SocketIO */; };
		C13712942C4DF99900D0D9FE /* LCSession.swift in Sources */ = {isa = PBXBuildFile; fileRef = C13712932C4DF99900D0D9FE /* LCSession.swift */; };
		C13712962C4DF9E500D0D9FE /* LCUser.swift in Sources */ = {isa = PBXBuildFile; fileRef = C13712952C4DF9E500D0D9FE /* LCUser.swift */; };
		C13712982C4DFA3700D0D9FE /* LCSendMessageEnum.swift in Sources */ = {isa = PBXBuildFile; fileRef = C13712972C4DFA3700D0D9FE /* LCSendMessageEnum.swift */; };
		C137129A2C4DFA9400D0D9FE /* LCSender.swift in Sources */ = {isa = PBXBuildFile; fileRef = C13712992C4DFA9400D0D9FE /* LCSender.swift */; };
		C137129C2C4DFABB00D0D9FE /* LCMessageSend.swift in Sources */ = {isa = PBXBuildFile; fileRef = C137129B2C4DFABB00D0D9FE /* LCMessageSend.swift */; };
		C137129E2C4DFAE400D0D9FE /* LCMessage.swift in Sources */ = {isa = PBXBuildFile; fileRef = C137129D2C4DFAE400D0D9FE /* LCMessage.swift */; };
		C13712A02C4DFB2C00D0D9FE /* LCContent.swift in Sources */ = {isa = PBXBuildFile; fileRef = C137129F2C4DFB2C00D0D9FE /* LCContent.swift */; };
		C13712A22C4DFB5100D0D9FE /* LCAttachment.swift in Sources */ = {isa = PBXBuildFile; fileRef = C13712A12C4DFB5100D0D9FE /* LCAttachment.swift */; };
		C13712A42C4DFB8700D0D9FE /* LCFile.swift in Sources */ = {isa = PBXBuildFile; fileRef = C13712A32C4DFB8700D0D9FE /* LCFile.swift */; };
		C13712A82C4DFCEB00D0D9FE /* LCProtocol.swift in Sources */ = {isa = PBXBuildFile; fileRef = C13712A72C4DFCEB00D0D9FE /* LCProtocol.swift */; };
		C13712AB2C4DFDDF00D0D9FE /* LCInitialEnum.swift in Sources */ = {isa = PBXBuildFile; fileRef = C13712AA2C4DFDDF00D0D9FE /* LCInitialEnum.swift */; };
		C13712AD2C4DFE6E00D0D9FE /* LCAccount.swift in Sources */ = {isa = PBXBuildFile; fileRef = C13712AC2C4DFE6D00D0D9FE /* LCAccount.swift */; };
		C13712AF2C4DFEBD00D0D9FE /* LCSupportType.swift in Sources */ = {isa = PBXBuildFile; fileRef = C13712AE2C4DFEBD00D0D9FE /* LCSupportType.swift */; };
		C13712B12C4E00EF00D0D9FE /* LCListener.swift in Sources */ = {isa = PBXBuildFile; fileRef = C13712B02C4E00EF00D0D9FE /* LCListener.swift */; };
		C13712B32C4E0C6400D0D9FE /* LCLog.swift in Sources */ = {isa = PBXBuildFile; fileRef = C13712B22C4E0C6400D0D9FE /* LCLog.swift */; };
		C13712B52C4E106300D0D9FE /* LCConstant.swift in Sources */ = {isa = PBXBuildFile; fileRef = C13712B42C4E106300D0D9FE /* LCConstant.swift */; };
		C14654D82C4FB7AB00A66B9B /* LCParseUtil.swift in Sources */ = {isa = PBXBuildFile; fileRef = C14654D72C4FB7AB00A66B9B /* LCParseUtil.swift */; };
		C176FF912C59E99800E63D8B /* BlankView.swift in Sources */ = {isa = PBXBuildFile; fileRef = C176FF902C59E99800E63D8B /* BlankView.swift */; };
		C17838BC2C984366001589BA /* FirebaseAnalytics in Frameworks */ = {isa = PBXBuildFile; productRef = C17838BB2C984366001589BA /* FirebaseAnalytics */; };
		C17838BE2C984366001589BA /* FirebaseAnalyticsOnDeviceConversion in Frameworks */ = {isa = PBXBuildFile; productRef = C17838BD2C984366001589BA /* FirebaseAnalyticsOnDeviceConversion */; };
		C17838C02C984366001589BA /* FirebaseAnalyticsWithoutAdIdSupport in Frameworks */ = {isa = PBXBuildFile; productRef = C17838BF2C984366001589BA /* FirebaseAnalyticsWithoutAdIdSupport */; };
		C17838C22C984366001589BA /* FirebaseAppCheck in Frameworks */ = {isa = PBXBuildFile; productRef = C17838C12C984366001589BA /* FirebaseAppCheck */; };
		C17838C42C984366001589BA /* FirebaseAppDistribution-Beta in Frameworks */ = {isa = PBXBuildFile; productRef = C17838C32C984366001589BA /* FirebaseAppDistribution-Beta */; };
		C17838C62C984366001589BA /* FirebaseAuth in Frameworks */ = {isa = PBXBuildFile; productRef = C17838C52C984366001589BA /* FirebaseAuth */; };
		C17838C82C984366001589BA /* FirebaseAuthCombine-Community in Frameworks */ = {isa = PBXBuildFile; productRef = C17838C72C984366001589BA /* FirebaseAuthCombine-Community */; };
		C17838CA2C984366001589BA /* FirebaseCrashlytics in Frameworks */ = {isa = PBXBuildFile; productRef = C17838C92C984366001589BA /* FirebaseCrashlytics */; };
		C17838CC2C984366001589BA /* FirebaseDatabase in Frameworks */ = {isa = PBXBuildFile; productRef = C17838CB2C984366001589BA /* FirebaseDatabase */; };
		C17838CE2C984366001589BA /* FirebaseDynamicLinks in Frameworks */ = {isa = PBXBuildFile; productRef = C17838CD2C984366001589BA /* FirebaseDynamicLinks */; };
		C17838D02C984366001589BA /* FirebaseFirestore in Frameworks */ = {isa = PBXBuildFile; productRef = C17838CF2C984366001589BA /* FirebaseFirestore */; };
		C17838D22C984366001589BA /* FirebaseFirestoreCombine-Community in Frameworks */ = {isa = PBXBuildFile; productRef = C17838D12C984366001589BA /* FirebaseFirestoreCombine-Community */; };
		C17838D42C984366001589BA /* FirebaseFunctions in Frameworks */ = {isa = PBXBuildFile; productRef = C17838D32C984366001589BA /* FirebaseFunctions */; };
		C17838D62C984366001589BA /* FirebaseFunctionsCombine-Community in Frameworks */ = {isa = PBXBuildFile; productRef = C17838D52C984366001589BA /* FirebaseFunctionsCombine-Community */; };
		C17838D82C984366001589BA /* FirebaseInAppMessaging-Beta in Frameworks */ = {isa = PBXBuildFile; productRef = C17838D72C984366001589BA /* FirebaseInAppMessaging-Beta */; };
		C17838DA2C984366001589BA /* FirebaseInstallations in Frameworks */ = {isa = PBXBuildFile; productRef = C17838D92C984366001589BA /* FirebaseInstallations */; };
		C17838DC2C984366001589BA /* FirebaseMLModelDownloader in Frameworks */ = {isa = PBXBuildFile; productRef = C17838DB2C984366001589BA /* FirebaseMLModelDownloader */; };
		C17838DE2C984366001589BA /* FirebaseMessaging in Frameworks */ = {isa = PBXBuildFile; productRef = C17838DD2C984366001589BA /* FirebaseMessaging */; };
		C17838E02C984366001589BA /* FirebasePerformance in Frameworks */ = {isa = PBXBuildFile; productRef = C17838DF2C984366001589BA /* FirebasePerformance */; };
		C17838E22C984366001589BA /* FirebaseRemoteConfig in Frameworks */ = {isa = PBXBuildFile; productRef = C17838E12C984366001589BA /* FirebaseRemoteConfig */; };
		C17838E42C984366001589BA /* FirebaseStorage in Frameworks */ = {isa = PBXBuildFile; productRef = C17838E32C984366001589BA /* FirebaseStorage */; };
		C17838E62C984366001589BA /* FirebaseStorageCombine-Community in Frameworks */ = {isa = PBXBuildFile; productRef = C17838E52C984366001589BA /* FirebaseStorageCombine-Community */; };
		C17838E82C984366001589BA /* FirebaseVertexAI-Preview in Frameworks */ = {isa = PBXBuildFile; productRef = C17838E72C984366001589BA /* FirebaseVertexAI-Preview */; };
		C18AC9EA2C37EC1900576E9D /* LiveChatSDK.h in Headers */ = {isa = PBXBuildFile; fileRef = C18AC9E92C37EC1900576E9D /* LiveChatSDK.h */; settings = {ATTRIBUTES = (Public, ); }; };
		C18AC9F12C37EC3500576E9D /* LiveChatFactory.swift in Sources */ = {isa = PBXBuildFile; fileRef = C18AC9F02C37EC3500576E9D /* LiveChatFactory.swift */; };
		C18AC9F42C37EC6E00576E9D /* LiveChatSDK.swift in Sources */ = {isa = PBXBuildFile; fileRef = C18AC9F32C37EC6E00576E9D /* LiveChatSDK.swift */; };
		C1ABB3DD2C40E7A4009CAF27 /* LCMessaging.swift in Sources */ = {isa = PBXBuildFile; fileRef = C1ABB3DC2C40E7A4009CAF27 /* LCMessaging.swift */; };
		C1BF92862C588BC9009FBCED /* LChatView.swift in Sources */ = {isa = PBXBuildFile; fileRef = C1BF92852C588BC9009FBCED /* LChatView.swift */; };
		C1BF92882C588C3C009FBCED /* LCPicker.swift in Sources */ = {isa = PBXBuildFile; fileRef = C1BF92872C588C3C009FBCED /* LCPicker.swift */; };
		C1BF928A2C588D14009FBCED /* LChatViewController.swift in Sources */ = {isa = PBXBuildFile; fileRef = C1BF92892C588D14009FBCED /* LChatViewController.swift */; };
		C1BF928C2C588D31009FBCED /* LCViewModel.swift in Sources */ = {isa = PBXBuildFile; fileRef = C1BF928B2C588D31009FBCED /* LCViewModel.swift */; };
		C1BF928E2C588DC4009FBCED /* LCMessageView.swift in Sources */ = {isa = PBXBuildFile; fileRef = C1BF928D2C588DC4009FBCED /* LCMessageView.swift */; };
		C1BF92902C588FFE009FBCED /* LCImageLoader.swift in Sources */ = {isa = PBXBuildFile; fileRef = C1BF928F2C588FFE009FBCED /* LCImageLoader.swift */; };
		C1BF92922C58901B009FBCED /* LCURLImage.swift in Sources */ = {isa = PBXBuildFile; fileRef = C1BF92912C58901B009FBCED /* LCURLImage.swift */; };
		C1CC4A5F2C72EEA300BD0E8E /* LCMessageReceiveSource.swift in Sources */ = {isa = PBXBuildFile; fileRef = C1CC4A5E2C72EEA300BD0E8E /* LCMessageReceiveSource.swift */; };
		C1CC4A612C72FD3900BD0E8E /* LCMessageEntity.swift in Sources */ = {isa = PBXBuildFile; fileRef = C1CC4A602C72FD3900BD0E8E /* LCMessageEntity.swift */; };
		C1CC4A632C72FD8C00BD0E8E /* LCStatusMessage.swift in Sources */ = {isa = PBXBuildFile; fileRef = C1CC4A622C72FD8C00BD0E8E /* LCStatusMessage.swift */; };
/* End PBXBuildFile section */

/* Begin PBXBuildRule section */
		C101974D2C3BD34E008E3767 /* PBXBuildRule */ = {
			isa = PBXBuildRule;
			compilerSpec = com.apple.compilers.proxy.script;
			fileType = file.rcproject;
			inputFiles = (
			);
			isEditable = 1;
			outputFiles = (
			);
			script = "# rctool\n";
		};
/* End PBXBuildRule section */

/* Begin PBXFileReference section */
		C13712932C4DF99900D0D9FE /* LCSession.swift */ = {isa = PBXFileReference; lastKnownFileType = sourcecode.swift; path = LCSession.swift; sourceTree = "<group>"; };
		C13712952C4DF9E500D0D9FE /* LCUser.swift */ = {isa = PBXFileReference; lastKnownFileType = sourcecode.swift; path = LCUser.swift; sourceTree = "<group>"; };
		C13712972C4DFA3700D0D9FE /* LCSendMessageEnum.swift */ = {isa = PBXFileReference; lastKnownFileType = sourcecode.swift; path = LCSendMessageEnum.swift; sourceTree = "<group>"; };
		C13712992C4DFA9400D0D9FE /* LCSender.swift */ = {isa = PBXFileReference; lastKnownFileType = sourcecode.swift; path = LCSender.swift; sourceTree = "<group>"; };
		C137129B2C4DFABB00D0D9FE /* LCMessageSend.swift */ = {isa = PBXFileReference; lastKnownFileType = sourcecode.swift; path = LCMessageSend.swift; sourceTree = "<group>"; };
		C137129D2C4DFAE400D0D9FE /* LCMessage.swift */ = {isa = PBXFileReference; lastKnownFileType = sourcecode.swift; path = LCMessage.swift; sourceTree = "<group>"; };
		C137129F2C4DFB2C00D0D9FE /* LCContent.swift */ = {isa = PBXFileReference; lastKnownFileType = sourcecode.swift; path = LCContent.swift; sourceTree = "<group>"; };
		C13712A12C4DFB5100D0D9FE /* LCAttachment.swift */ = {isa = PBXFileReference; lastKnownFileType = sourcecode.swift; path = LCAttachment.swift; sourceTree = "<group>"; };
		C13712A32C4DFB8700D0D9FE /* LCFile.swift */ = {isa = PBXFileReference; lastKnownFileType = sourcecode.swift; path = LCFile.swift; sourceTree = "<group>"; };
		C13712A72C4DFCEB00D0D9FE /* LCProtocol.swift */ = {isa = PBXFileReference; lastKnownFileType = sourcecode.swift; path = LCProtocol.swift; sourceTree = "<group>"; };
		C13712AA2C4DFDDF00D0D9FE /* LCInitialEnum.swift */ = {isa = PBXFileReference; lastKnownFileType = sourcecode.swift; path = LCInitialEnum.swift; sourceTree = "<group>"; };
		C13712AC2C4DFE6D00D0D9FE /* LCAccount.swift */ = {isa = PBXFileReference; lastKnownFileType = sourcecode.swift; path = LCAccount.swift; sourceTree = "<group>"; };
		C13712AE2C4DFEBD00D0D9FE /* LCSupportType.swift */ = {isa = PBXFileReference; lastKnownFileType = sourcecode.swift; path = LCSupportType.swift; sourceTree = "<group>"; };
		C13712B02C4E00EF00D0D9FE /* LCListener.swift */ = {isa = PBXFileReference; lastKnownFileType = sourcecode.swift; path = LCListener.swift; sourceTree = "<group>"; };
		C13712B22C4E0C6400D0D9FE /* LCLog.swift */ = {isa = PBXFileReference; lastKnownFileType = sourcecode.swift; path = LCLog.swift; sourceTree = "<group>"; };
		C13712B42C4E106300D0D9FE /* LCConstant.swift */ = {isa = PBXFileReference; lastKnownFileType = sourcecode.swift; path = LCConstant.swift; sourceTree = "<group>"; };
		C14654D72C4FB7AB00A66B9B /* LCParseUtil.swift */ = {isa = PBXFileReference; lastKnownFileType = sourcecode.swift; path = LCParseUtil.swift; sourceTree = "<group>"; };
		C176FF902C59E99800E63D8B /* BlankView.swift */ = {isa = PBXFileReference; fileEncoding = 4; lastKnownFileType = sourcecode.swift; path = BlankView.swift; sourceTree = "<group>"; };
		C18AC9E62C37EC1900576E9D /* LiveChatSDK.framework */ = {isa = PBXFileReference; explicitFileType = wrapper.framework; includeInIndex = 0; path = LiveChatSDK.framework; sourceTree = BUILT_PRODUCTS_DIR; };
		C18AC9E92C37EC1900576E9D /* LiveChatSDK.h */ = {isa = PBXFileReference; lastKnownFileType = sourcecode.c.h; path = LiveChatSDK.h; sourceTree = "<group>"; };
		C18AC9F02C37EC3500576E9D /* LiveChatFactory.swift */ = {isa = PBXFileReference; lastKnownFileType = sourcecode.swift; path = LiveChatFactory.swift; sourceTree = "<group>"; };
		C18AC9F32C37EC6E00576E9D /* LiveChatSDK.swift */ = {isa = PBXFileReference; lastKnownFileType = sourcecode.swift; path = LiveChatSDK.swift; sourceTree = "<group>"; };
		C1ABB3DC2C40E7A4009CAF27 /* LCMessaging.swift */ = {isa = PBXFileReference; lastKnownFileType = sourcecode.swift; path = LCMessaging.swift; sourceTree = "<group>"; };
		C1BF92852C588BC9009FBCED /* LChatView.swift */ = {isa = PBXFileReference; lastKnownFileType = sourcecode.swift; path = LChatView.swift; sourceTree = "<group>"; };
		C1BF92872C588C3C009FBCED /* LCPicker.swift */ = {isa = PBXFileReference; lastKnownFileType = sourcecode.swift; path = LCPicker.swift; sourceTree = "<group>"; };
		C1BF92892C588D14009FBCED /* LChatViewController.swift */ = {isa = PBXFileReference; lastKnownFileType = sourcecode.swift; path = LChatViewController.swift; sourceTree = "<group>"; };
		C1BF928B2C588D31009FBCED /* LCViewModel.swift */ = {isa = PBXFileReference; lastKnownFileType = sourcecode.swift; path = LCViewModel.swift; sourceTree = "<group>"; };
		C1BF928D2C588DC4009FBCED /* LCMessageView.swift */ = {isa = PBXFileReference; lastKnownFileType = sourcecode.swift; path = LCMessageView.swift; sourceTree = "<group>"; };
		C1BF928F2C588FFE009FBCED /* LCImageLoader.swift */ = {isa = PBXFileReference; lastKnownFileType = sourcecode.swift; path = LCImageLoader.swift; sourceTree = "<group>"; };
		C1BF92912C58901B009FBCED /* LCURLImage.swift */ = {isa = PBXFileReference; lastKnownFileType = sourcecode.swift; path = LCURLImage.swift; sourceTree = "<group>"; };
		C1CC4A5E2C72EEA300BD0E8E /* LCMessageReceiveSource.swift */ = {isa = PBXFileReference; lastKnownFileType = sourcecode.swift; path = LCMessageReceiveSource.swift; sourceTree = "<group>"; };
		C1CC4A602C72FD3900BD0E8E /* LCMessageEntity.swift */ = {isa = PBXFileReference; lastKnownFileType = sourcecode.swift; path = LCMessageEntity.swift; sourceTree = "<group>"; };
		C1CC4A622C72FD8C00BD0E8E /* LCStatusMessage.swift */ = {isa = PBXFileReference; lastKnownFileType = sourcecode.swift; path = LCStatusMessage.swift; sourceTree = "<group>"; };
/* End PBXFileReference section */

/* Begin PBXFrameworksBuildPhase section */
		C18AC9E32C37EC1900576E9D /* Frameworks */ = {
			isa = PBXFrameworksBuildPhase;
			buildActionMask = 2147483647;
			files = (
				C17838E82C984366001589BA /* FirebaseVertexAI-Preview in Frameworks */,
				C17838D22C984366001589BA /* FirebaseFirestoreCombine-Community in Frameworks */,
				C17838D42C984366001589BA /* FirebaseFunctions in Frameworks */,
				C17838E02C984366001589BA /* FirebasePerformance in Frameworks */,
				C17838E62C984366001589BA /* FirebaseStorageCombine-Community in Frameworks */,
				C17838E22C984366001589BA /* FirebaseRemoteConfig in Frameworks */,
				C17838CC2C984366001589BA /* FirebaseDatabase in Frameworks */,
				C17838CE2C984366001589BA /* FirebaseDynamicLinks in Frameworks */,
				C17838BC2C984366001589BA /* FirebaseAnalytics in Frameworks */,
				C17838BE2C984366001589BA /* FirebaseAnalyticsOnDeviceConversion in Frameworks */,
				C10921BB2C5C96A000C4633F /* SocketIO in Frameworks */,
				C17838D02C984366001589BA /* FirebaseFirestore in Frameworks */,
				C17838DE2C984366001589BA /* FirebaseMessaging in Frameworks */,
				C17838DA2C984366001589BA /* FirebaseInstallations in Frameworks */,
				C17838D62C984366001589BA /* FirebaseFunctionsCombine-Community in Frameworks */,
				C17838C22C984366001589BA /* FirebaseAppCheck in Frameworks */,
				C17838C02C984366001589BA /* FirebaseAnalyticsWithoutAdIdSupport in Frameworks */,
				C17838D82C984366001589BA /* FirebaseInAppMessaging-Beta in Frameworks */,
				C17838C62C984366001589BA /* FirebaseAuth in Frameworks */,
				C17838CA2C984366001589BA /* FirebaseCrashlytics in Frameworks */,
				C17838DC2C984366001589BA /* FirebaseMLModelDownloader in Frameworks */,
				C17838E42C984366001589BA /* FirebaseStorage in Frameworks */,
				C17838C42C984366001589BA /* FirebaseAppDistribution-Beta in Frameworks */,
				C17838C82C984366001589BA /* FirebaseAuthCombine-Community in Frameworks */,
			);
			runOnlyForDeploymentPostprocessing = 0;
		};
/* End PBXFrameworksBuildPhase section */

/* Begin PBXGroup section */
		C137128D2C4DF94900D0D9FE /* Model */ = {
			isa = PBXGroup;
			children = (
				C13712A92C4DFDCF00D0D9FE /* Internal */,
				C13712922C4DF98600D0D9FE /* User */,
				C13712912C4DF97E00D0D9FE /* Chat */,
				C13712902C4DF97100D0D9FE /* Attachment */,
			);
			path = Model;
			sourceTree = "<group>";
		};
		C137128E2C4DF95D00D0D9FE /* Listener */ = {
			isa = PBXGroup;
			children = (
				C13712A62C4DFCD000D0D9FE /* Publisher */,
				C13712A52C4DFCC500D0D9FE /* Protocol */,
			);
			path = Listener;
			sourceTree = "<group>";
		};
		C137128F2C4DF96600D0D9FE /* Util */ = {
			isa = PBXGroup;
			children = (
				C13712B22C4E0C6400D0D9FE /* LCLog.swift */,
				C13712B42C4E106300D0D9FE /* LCConstant.swift */,
				C14654D72C4FB7AB00A66B9B /* LCParseUtil.swift */,
			);
			path = Util;
			sourceTree = "<group>";
		};
		C13712902C4DF97100D0D9FE /* Attachment */ = {
			isa = PBXGroup;
			children = (
				C13712A12C4DFB5100D0D9FE /* LCAttachment.swift */,
				C13712A32C4DFB8700D0D9FE /* LCFile.swift */,
			);
			path = Attachment;
			sourceTree = "<group>";
		};
		C13712912C4DF97E00D0D9FE /* Chat */ = {
			isa = PBXGroup;
			children = (
				C13712972C4DFA3700D0D9FE /* LCSendMessageEnum.swift */,
				C13712992C4DFA9400D0D9FE /* LCSender.swift */,
				C137129B2C4DFABB00D0D9FE /* LCMessageSend.swift */,
				C137129D2C4DFAE400D0D9FE /* LCMessage.swift */,
				C137129F2C4DFB2C00D0D9FE /* LCContent.swift */,
				C1CC4A602C72FD3900BD0E8E /* LCMessageEntity.swift */,
				C1CC4A622C72FD8C00BD0E8E /* LCStatusMessage.swift */,
			);
			path = Chat;
			sourceTree = "<group>";
		};
		C13712922C4DF98600D0D9FE /* User */ = {
			isa = PBXGroup;
			children = (
				C13712932C4DF99900D0D9FE /* LCSession.swift */,
				C13712952C4DF9E500D0D9FE /* LCUser.swift */,
			);
			path = User;
			sourceTree = "<group>";
		};
		C13712A52C4DFCC500D0D9FE /* Protocol */ = {
			isa = PBXGroup;
			children = (
				C13712A72C4DFCEB00D0D9FE /* LCProtocol.swift */,
			);
			path = Protocol;
			sourceTree = "<group>";
		};
		C13712A62C4DFCD000D0D9FE /* Publisher */ = {
			isa = PBXGroup;
			children = (
				C13712B02C4E00EF00D0D9FE /* LCListener.swift */,
			);
			path = Publisher;
			sourceTree = "<group>";
		};
		C13712A92C4DFDCF00D0D9FE /* Internal */ = {
			isa = PBXGroup;
			children = (
				C13712AA2C4DFDDF00D0D9FE /* LCInitialEnum.swift */,
				C13712AC2C4DFE6D00D0D9FE /* LCAccount.swift */,
				C13712AE2C4DFEBD00D0D9FE /* LCSupportType.swift */,
				C1CC4A5E2C72EEA300BD0E8E /* LCMessageReceiveSource.swift */,
			);
			path = Internal;
			sourceTree = "<group>";
		};
		C18AC9DC2C37EC1900576E9D = {
			isa = PBXGroup;
			children = (
				C18AC9E82C37EC1900576E9D /* LiveChatSDK */,
				C18AC9E72C37EC1900576E9D /* Products */,
			);
			sourceTree = "<group>";
		};
		C18AC9E72C37EC1900576E9D /* Products */ = {
			isa = PBXGroup;
			children = (
				C18AC9E62C37EC1900576E9D /* LiveChatSDK.framework */,
			);
			name = Products;
			sourceTree = "<group>";
		};
		C18AC9E82C37EC1900576E9D /* LiveChatSDK */ = {
			isa = PBXGroup;
			children = (
				C1BF92842C5887C5009FBCED /* View */,
				C137128F2C4DF96600D0D9FE /* Util */,
				C137128E2C4DF95D00D0D9FE /* Listener */,
				C137128D2C4DF94900D0D9FE /* Model */,
				C1ABB3DB2C40E78F009CAF27 /* Service */,
				C18AC9F22C37EC3900576E9D /* Core */,
				C18AC9E92C37EC1900576E9D /* LiveChatSDK.h */,
				C18AC9F02C37EC3500576E9D /* LiveChatFactory.swift */,
			);
			path = LiveChatSDK;
			sourceTree = "<group>";
		};
		C18AC9F22C37EC3900576E9D /* Core */ = {
			isa = PBXGroup;
			children = (
				C18AC9F32C37EC6E00576E9D /* LiveChatSDK.swift */,
			);
			path = Core;
			sourceTree = "<group>";
		};
		C1ABB3DB2C40E78F009CAF27 /* Service */ = {
			isa = PBXGroup;
			children = (
				C1ABB3DC2C40E7A4009CAF27 /* LCMessaging.swift */,
			);
			path = Service;
			sourceTree = "<group>";
		};
		C1BF92842C5887C5009FBCED /* View */ = {
			isa = PBXGroup;
			children = (
				C176FF902C59E99800E63D8B /* BlankView.swift */,
				C1BF92942C5891DE009FBCED /* Document */,
				C1BF92932C589086009FBCED /* Component */,
				C1BF92852C588BC9009FBCED /* LChatView.swift */,
				C1BF92892C588D14009FBCED /* LChatViewController.swift */,
				C1BF928B2C588D31009FBCED /* LCViewModel.swift */,
			);
			path = View;
			sourceTree = "<group>";
		};
		C1BF92932C589086009FBCED /* Component */ = {
			isa = PBXGroup;
			children = (
				C1BF928D2C588DC4009FBCED /* LCMessageView.swift */,
				C1BF928F2C588FFE009FBCED /* LCImageLoader.swift */,
				C1BF92912C58901B009FBCED /* LCURLImage.swift */,
			);
			path = Component;
			sourceTree = "<group>";
		};
		C1BF92942C5891DE009FBCED /* Document */ = {
			isa = PBXGroup;
			children = (
				C1BF92872C588C3C009FBCED /* LCPicker.swift */,
			);
			path = Document;
			sourceTree = "<group>";
		};
/* End PBXGroup section */

/* Begin PBXHeadersBuildPhase section */
		C18AC9E12C37EC1900576E9D /* Headers */ = {
			isa = PBXHeadersBuildPhase;
			buildActionMask = 2147483647;
			files = (
				C18AC9EA2C37EC1900576E9D /* LiveChatSDK.h in Headers */,
			);
			runOnlyForDeploymentPostprocessing = 0;
		};
/* End PBXHeadersBuildPhase section */

/* Begin PBXNativeTarget section */
		C18AC9E52C37EC1900576E9D /* LiveChatSDK */ = {
			isa = PBXNativeTarget;
			buildConfigurationList = C18AC9ED2C37EC1900576E9D /* Build configuration list for PBXNativeTarget "LiveChatSDK" */;
			buildPhases = (
				C18AC9E12C37EC1900576E9D /* Headers */,
				C18AC9E22C37EC1900576E9D /* Sources */,
				C18AC9E32C37EC1900576E9D /* Frameworks */,
				C18AC9E42C37EC1900576E9D /* Resources */,
			);
			buildRules = (
				C101974D2C3BD34E008E3767 /* PBXBuildRule */,
			);
			dependencies = (
			);
			name = LiveChatSDK;
			packageProductDependencies = (
				C10921BA2C5C96A000C4633F /* SocketIO */,
				C17838BB2C984366001589BA /* FirebaseAnalytics */,
				C17838BD2C984366001589BA /* FirebaseAnalyticsOnDeviceConversion */,
				C17838BF2C984366001589BA /* FirebaseAnalyticsWithoutAdIdSupport */,
				C17838C12C984366001589BA /* FirebaseAppCheck */,
				C17838C32C984366001589BA /* FirebaseAppDistribution-Beta */,
				C17838C52C984366001589BA /* FirebaseAuth */,
				C17838C72C984366001589BA /* FirebaseAuthCombine-Community */,
				C17838C92C984366001589BA /* FirebaseCrashlytics */,
				C17838CB2C984366001589BA /* FirebaseDatabase */,
				C17838CD2C984366001589BA /* FirebaseDynamicLinks */,
				C17838CF2C984366001589BA /* FirebaseFirestore */,
				C17838D12C984366001589BA /* FirebaseFirestoreCombine-Community */,
				C17838D32C984366001589BA /* FirebaseFunctions */,
				C17838D52C984366001589BA /* FirebaseFunctionsCombine-Community */,
				C17838D72C984366001589BA /* FirebaseInAppMessaging-Beta */,
				C17838D92C984366001589BA /* FirebaseInstallations */,
				C17838DB2C984366001589BA /* FirebaseMLModelDownloader */,
				C17838DD2C984366001589BA /* FirebaseMessaging */,
				C17838DF2C984366001589BA /* FirebasePerformance */,
				C17838E12C984366001589BA /* FirebaseRemoteConfig */,
				C17838E32C984366001589BA /* FirebaseStorage */,
				C17838E52C984366001589BA /* FirebaseStorageCombine-Community */,
				C17838E72C984366001589BA /* FirebaseVertexAI-Preview */,
			);
			productName = LiveChatSDK;
			productReference = C18AC9E62C37EC1900576E9D /* LiveChatSDK.framework */;
			productType = "com.apple.product-type.framework";
		};
/* End PBXNativeTarget section */

/* Begin PBXProject section */
		C18AC9DD2C37EC1900576E9D /* Project object */ = {
			isa = PBXProject;
			attributes = {
				BuildIndependentTargetsInParallel = 1;
				LastUpgradeCheck = 1520;
				TargetAttributes = {
					C18AC9E52C37EC1900576E9D = {
						CreatedOnToolsVersion = 15.2;
						LastSwiftMigration = 1520;
					};
				};
			};
			buildConfigurationList = C18AC9E02C37EC1900576E9D /* Build configuration list for PBXProject "LiveChatSDK" */;
			compatibilityVersion = "Xcode 14.0";
			developmentRegion = en;
			hasScannedForEncodings = 0;
			knownRegions = (
				en,
				Base,
			);
			mainGroup = C18AC9DC2C37EC1900576E9D;
			packageReferences = (
				C10921B92C5C96A000C4633F /* XCRemoteSwiftPackageReference "socket" */,
				C17838BA2C984366001589BA /* XCRemoteSwiftPackageReference "firebase-ios-sdk" */,
			);
			productRefGroup = C18AC9E72C37EC1900576E9D /* Products */;
			projectDirPath = "";
			projectRoot = "";
			targets = (
				C18AC9E52C37EC1900576E9D /* LiveChatSDK */,
			);
		};
/* End PBXProject section */

/* Begin PBXResourcesBuildPhase section */
		C18AC9E42C37EC1900576E9D /* Resources */ = {
			isa = PBXResourcesBuildPhase;
			buildActionMask = 2147483647;
			files = (
			);
			runOnlyForDeploymentPostprocessing = 0;
		};
/* End PBXResourcesBuildPhase section */

/* Begin PBXSourcesBuildPhase section */
		C18AC9E22C37EC1900576E9D /* Sources */ = {
			isa = PBXSourcesBuildPhase;
			buildActionMask = 2147483647;
			files = (
				C1ABB3DD2C40E7A4009CAF27 /* LCMessaging.swift in Sources */,
				C13712942C4DF99900D0D9FE /* LCSession.swift in Sources */,
				C13712AB2C4DFDDF00D0D9FE /* LCInitialEnum.swift in Sources */,
				C13712AD2C4DFE6E00D0D9FE /* LCAccount.swift in Sources */,
				C13712A22C4DFB5100D0D9FE /* LCAttachment.swift in Sources */,
				C13712B32C4E0C6400D0D9FE /* LCLog.swift in Sources */,
				C137129E2C4DFAE400D0D9FE /* LCMessage.swift in Sources */,
				C18AC9F12C37EC3500576E9D /* LiveChatFactory.swift in Sources */,
				C18AC9F42C37EC6E00576E9D /* LiveChatSDK.swift in Sources */,
				C1BF92902C588FFE009FBCED /* LCImageLoader.swift in Sources */,
				C137129C2C4DFABB00D0D9FE /* LCMessageSend.swift in Sources */,
				C13712A02C4DFB2C00D0D9FE /* LCContent.swift in Sources */,
				C13712962C4DF9E500D0D9FE /* LCUser.swift in Sources */,
				C176FF912C59E99800E63D8B /* BlankView.swift in Sources */,
				C1BF92882C588C3C009FBCED /* LCPicker.swift in Sources */,
				C13712982C4DFA3700D0D9FE /* LCSendMessageEnum.swift in Sources */,
				C13712AF2C4DFEBD00D0D9FE /* LCSupportType.swift in Sources */,
				C1BF928C2C588D31009FBCED /* LCViewModel.swift in Sources */,
				C1BF92922C58901B009FBCED /* LCURLImage.swift in Sources */,
				C1BF928E2C588DC4009FBCED /* LCMessageView.swift in Sources */,
				C13712A42C4DFB8700D0D9FE /* LCFile.swift in Sources */,
				C1CC4A5F2C72EEA300BD0E8E /* LCMessageReceiveSource.swift in Sources */,
				C1BF928A2C588D14009FBCED /* LChatViewController.swift in Sources */,
				C137129A2C4DFA9400D0D9FE /* LCSender.swift in Sources */,
				C14654D82C4FB7AB00A66B9B /* LCParseUtil.swift in Sources */,
				C13712B12C4E00EF00D0D9FE /* LCListener.swift in Sources */,
				C1BF92862C588BC9009FBCED /* LChatView.swift in Sources */,
				C13712A82C4DFCEB00D0D9FE /* LCProtocol.swift in Sources */,
				C13712B52C4E106300D0D9FE /* LCConstant.swift in Sources */,
				C1CC4A612C72FD3900BD0E8E /* LCMessageEntity.swift in Sources */,
				C1CC4A632C72FD8C00BD0E8E /* LCStatusMessage.swift in Sources */,
			);
			runOnlyForDeploymentPostprocessing = 0;
		};
/* End PBXSourcesBuildPhase section */

/* Begin XCBuildConfiguration section */
		C18AC9EB2C37EC1900576E9D /* Debug */ = {
			isa = XCBuildConfiguration;
			buildSettings = {
				ALWAYS_SEARCH_USER_PATHS = NO;
				ASSETCATALOG_COMPILER_GENERATE_SWIFT_ASSET_SYMBOL_EXTENSIONS = YES;
				CLANG_ANALYZER_NONNULL = YES;
				CLANG_ANALYZER_NUMBER_OBJECT_CONVERSION = YES_AGGRESSIVE;
				CLANG_CXX_LANGUAGE_STANDARD = "gnu++20";
				CLANG_ENABLE_MODULES = YES;
				CLANG_ENABLE_OBJC_ARC = YES;
				CLANG_ENABLE_OBJC_WEAK = YES;
				CLANG_WARN_BLOCK_CAPTURE_AUTORELEASING = YES;
				CLANG_WARN_BOOL_CONVERSION = YES;
				CLANG_WARN_COMMA = YES;
				CLANG_WARN_CONSTANT_CONVERSION = YES;
				CLANG_WARN_DEPRECATED_OBJC_IMPLEMENTATIONS = YES;
				CLANG_WARN_DIRECT_OBJC_ISA_USAGE = YES_ERROR;
				CLANG_WARN_DOCUMENTATION_COMMENTS = YES;
				CLANG_WARN_EMPTY_BODY = YES;
				CLANG_WARN_ENUM_CONVERSION = YES;
				CLANG_WARN_INFINITE_RECURSION = YES;
				CLANG_WARN_INT_CONVERSION = YES;
				CLANG_WARN_NON_LITERAL_NULL_CONVERSION = YES;
				CLANG_WARN_OBJC_IMPLICIT_RETAIN_SELF = YES;
				CLANG_WARN_OBJC_LITERAL_CONVERSION = YES;
				CLANG_WARN_OBJC_ROOT_CLASS = YES_ERROR;
				CLANG_WARN_QUOTED_INCLUDE_IN_FRAMEWORK_HEADER = YES;
				CLANG_WARN_RANGE_LOOP_ANALYSIS = YES;
				CLANG_WARN_STRICT_PROTOTYPES = YES;
				CLANG_WARN_SUSPICIOUS_MOVE = YES;
				CLANG_WARN_UNGUARDED_AVAILABILITY = YES_AGGRESSIVE;
				CLANG_WARN_UNREACHABLE_CODE = YES;
				CLANG_WARN__DUPLICATE_METHOD_MATCH = YES;
				COPY_PHASE_STRIP = NO;
				CURRENT_PROJECT_VERSION = 1;
				DEBUG_INFORMATION_FORMAT = dwarf;
				ENABLE_STRICT_OBJC_MSGSEND = YES;
				ENABLE_TESTABILITY = YES;
				ENABLE_USER_SCRIPT_SANDBOXING = YES;
				GCC_C_LANGUAGE_STANDARD = gnu17;
				GCC_DYNAMIC_NO_PIC = NO;
				GCC_NO_COMMON_BLOCKS = YES;
				GCC_OPTIMIZATION_LEVEL = 0;
				GCC_PREPROCESSOR_DEFINITIONS = (
					"DEBUG=1",
					"$(inherited)",
				);
				GCC_WARN_64_TO_32_BIT_CONVERSION = YES;
				GCC_WARN_ABOUT_RETURN_TYPE = YES_ERROR;
				GCC_WARN_UNDECLARED_SELECTOR = YES;
				GCC_WARN_UNINITIALIZED_AUTOS = YES_AGGRESSIVE;
				GCC_WARN_UNUSED_FUNCTION = YES;
				GCC_WARN_UNUSED_VARIABLE = YES;
				GENERATE_INFOPLIST_FILE = NO;
				IPHONEOS_DEPLOYMENT_TARGET = 14.0;
				LOCALIZATION_PREFERS_STRING_CATALOGS = YES;
				MTL_ENABLE_DEBUG_INFO = INCLUDE_SOURCE;
				MTL_FAST_MATH = YES;
				ONLY_ACTIVE_ARCH = YES;
				SDKROOT = iphoneos;
				SWIFT_ACTIVE_COMPILATION_CONDITIONS = "DEBUG $(inherited)";
				SWIFT_OPTIMIZATION_LEVEL = "-Onone";
				VERSIONING_SYSTEM = "apple-generic";
				VERSION_INFO_PREFIX = "";
			};
			name = Debug;
		};
		C18AC9EC2C37EC1900576E9D /* Release */ = {
			isa = XCBuildConfiguration;
			buildSettings = {
				ALWAYS_SEARCH_USER_PATHS = NO;
				ASSETCATALOG_COMPILER_GENERATE_SWIFT_ASSET_SYMBOL_EXTENSIONS = YES;
				CLANG_ANALYZER_NONNULL = YES;
				CLANG_ANALYZER_NUMBER_OBJECT_CONVERSION = YES_AGGRESSIVE;
				CLANG_CXX_LANGUAGE_STANDARD = "gnu++20";
				CLANG_ENABLE_MODULES = YES;
				CLANG_ENABLE_OBJC_ARC = YES;
				CLANG_ENABLE_OBJC_WEAK = YES;
				CLANG_WARN_BLOCK_CAPTURE_AUTORELEASING = YES;
				CLANG_WARN_BOOL_CONVERSION = YES;
				CLANG_WARN_COMMA = YES;
				CLANG_WARN_CONSTANT_CONVERSION = YES;
				CLANG_WARN_DEPRECATED_OBJC_IMPLEMENTATIONS = YES;
				CLANG_WARN_DIRECT_OBJC_ISA_USAGE = YES_ERROR;
				CLANG_WARN_DOCUMENTATION_COMMENTS = YES;
				CLANG_WARN_EMPTY_BODY = YES;
				CLANG_WARN_ENUM_CONVERSION = YES;
				CLANG_WARN_INFINITE_RECURSION = YES;
				CLANG_WARN_INT_CONVERSION = YES;
				CLANG_WARN_NON_LITERAL_NULL_CONVERSION = YES;
				CLANG_WARN_OBJC_IMPLICIT_RETAIN_SELF = YES;
				CLANG_WARN_OBJC_LITERAL_CONVERSION = YES;
				CLANG_WARN_OBJC_ROOT_CLASS = YES_ERROR;
				CLANG_WARN_QUOTED_INCLUDE_IN_FRAMEWORK_HEADER = YES;
				CLANG_WARN_RANGE_LOOP_ANALYSIS = YES;
				CLANG_WARN_STRICT_PROTOTYPES = YES;
				CLANG_WARN_SUSPICIOUS_MOVE = YES;
				CLANG_WARN_UNGUARDED_AVAILABILITY = YES_AGGRESSIVE;
				CLANG_WARN_UNREACHABLE_CODE = YES;
				CLANG_WARN__DUPLICATE_METHOD_MATCH = YES;
				COPY_PHASE_STRIP = NO;
				CURRENT_PROJECT_VERSION = 1;
				DEBUG_INFORMATION_FORMAT = "dwarf-with-dsym";
				ENABLE_NS_ASSERTIONS = NO;
				ENABLE_STRICT_OBJC_MSGSEND = YES;
				ENABLE_USER_SCRIPT_SANDBOXING = YES;
				GCC_C_LANGUAGE_STANDARD = gnu17;
				GCC_NO_COMMON_BLOCKS = YES;
				GCC_WARN_64_TO_32_BIT_CONVERSION = YES;
				GCC_WARN_ABOUT_RETURN_TYPE = YES_ERROR;
				GCC_WARN_UNDECLARED_SELECTOR = YES;
				GCC_WARN_UNINITIALIZED_AUTOS = YES_AGGRESSIVE;
				GCC_WARN_UNUSED_FUNCTION = YES;
				GCC_WARN_UNUSED_VARIABLE = YES;
				GENERATE_INFOPLIST_FILE = NO;
				IPHONEOS_DEPLOYMENT_TARGET = 14.0;
				LOCALIZATION_PREFERS_STRING_CATALOGS = YES;
				MTL_ENABLE_DEBUG_INFO = NO;
				MTL_FAST_MATH = YES;
				SDKROOT = iphoneos;
				SWIFT_COMPILATION_MODE = wholemodule;
				VALIDATE_PRODUCT = YES;
				VERSIONING_SYSTEM = "apple-generic";
				VERSION_INFO_PREFIX = "";
			};
			name = Release;
		};
		C18AC9EE2C37EC1900576E9D /* Debug */ = {
			isa = XCBuildConfiguration;
			buildSettings = {
				CLANG_ENABLE_MODULES = YES;
				CODE_SIGN_STYLE = Automatic;
				CURRENT_PROJECT_VERSION = 1;
				DEFINES_MODULE = YES;
				DEVELOPMENT_TEAM = 772AR38V98;
				DYLIB_COMPATIBILITY_VERSION = 1;
				DYLIB_CURRENT_VERSION = 1;
				DYLIB_INSTALL_NAME_BASE = "@rpath";
				ENABLE_MODULE_VERIFIER = YES;
				GENERATE_INFOPLIST_FILE = YES;
				INFOPLIST_KEY_NSHumanReadableCopyright = "";
				INSTALL_PATH = "$(LOCAL_LIBRARY_DIR)/Frameworks";
				IPHONEOS_DEPLOYMENT_TARGET = 14.0;
				LD_RUNPATH_SEARCH_PATHS = (
					"$(inherited)",
					"@executable_path/Frameworks",
					"@loader_path/Frameworks",
				);
				MARKETING_VERSION = 1.0;
				MODULE_VERIFIER_SUPPORTED_LANGUAGES = "objective-c objective-c++";
				MODULE_VERIFIER_SUPPORTED_LANGUAGE_STANDARDS = "gnu17 gnu++20";
				PRODUCT_BUNDLE_IDENTIFIER = com.vn.build.mitek.LiveChatSDK;
				PRODUCT_NAME = "$(TARGET_NAME:c99extidentifier)";
				SKIP_INSTALL = YES;
				SUPPORTED_PLATFORMS = "iphoneos iphonesimulator";
				SUPPORTS_MACCATALYST = NO;
				SUPPORTS_MAC_DESIGNED_FOR_IPHONE_IPAD = NO;
				SUPPORTS_XR_DESIGNED_FOR_IPHONE_IPAD = NO;
				SWIFT_EMIT_LOC_STRINGS = YES;
				SWIFT_OPTIMIZATION_LEVEL = "-Onone";
				SWIFT_VERSION = 5.0;
				TARGETED_DEVICE_FAMILY = 1;
			};
			name = Debug;
		};
		C18AC9EF2C37EC1900576E9D /* Release */ = {
			isa = XCBuildConfiguration;
			buildSettings = {
				CLANG_ENABLE_MODULES = YES;
				CODE_SIGN_STYLE = Automatic;
				CURRENT_PROJECT_VERSION = 1;
				DEFINES_MODULE = YES;
				DEVELOPMENT_TEAM = 772AR38V98;
				DYLIB_COMPATIBILITY_VERSION = 1;
				DYLIB_CURRENT_VERSION = 1;
				DYLIB_INSTALL_NAME_BASE = "@rpath";
				ENABLE_MODULE_VERIFIER = YES;
				GENERATE_INFOPLIST_FILE = YES;
				INFOPLIST_KEY_NSHumanReadableCopyright = "";
				INSTALL_PATH = "$(LOCAL_LIBRARY_DIR)/Frameworks";
				IPHONEOS_DEPLOYMENT_TARGET = 14.0;
				LD_RUNPATH_SEARCH_PATHS = (
					"$(inherited)",
					"@executable_path/Frameworks",
					"@loader_path/Frameworks",
				);
				MARKETING_VERSION = 1.0;
				MODULE_VERIFIER_SUPPORTED_LANGUAGES = "objective-c objective-c++";
				MODULE_VERIFIER_SUPPORTED_LANGUAGE_STANDARDS = "gnu17 gnu++20";
				PRODUCT_BUNDLE_IDENTIFIER = com.vn.build.mitek.LiveChatSDK;
				PRODUCT_NAME = "$(TARGET_NAME:c99extidentifier)";
				SKIP_INSTALL = YES;
				SUPPORTED_PLATFORMS = "iphoneos iphonesimulator";
				SUPPORTS_MACCATALYST = NO;
				SUPPORTS_MAC_DESIGNED_FOR_IPHONE_IPAD = NO;
				SUPPORTS_XR_DESIGNED_FOR_IPHONE_IPAD = NO;
				SWIFT_EMIT_LOC_STRINGS = YES;
				SWIFT_VERSION = 5.0;
				TARGETED_DEVICE_FAMILY = 1;
			};
			name = Release;
		};
/* End XCBuildConfiguration section */

/* Begin XCConfigurationList section */
		C18AC9E02C37EC1900576E9D /* Build configuration list for PBXProject "LiveChatSDK" */ = {
			isa = XCConfigurationList;
			buildConfigurations = (
				C18AC9EB2C37EC1900576E9D /* Debug */,
				C18AC9EC2C37EC1900576E9D /* Release */,
			);
			defaultConfigurationIsVisible = 0;
			defaultConfigurationName = Release;
		};
		C18AC9ED2C37EC1900576E9D /* Build configuration list for PBXNativeTarget "LiveChatSDK" */ = {
			isa = XCConfigurationList;
			buildConfigurations = (
				C18AC9EE2C37EC1900576E9D /* Debug */,
				C18AC9EF2C37EC1900576E9D /* Release */,
			);
			defaultConfigurationIsVisible = 0;
			defaultConfigurationName = Release;
		};
/* End XCConfigurationList section */

/* Begin XCRemoteSwiftPackageReference section */
		C10921B92C5C96A000C4633F /* XCRemoteSwiftPackageReference "socket" */ = {
			isa = XCRemoteSwiftPackageReference;
			repositoryURL = "https://github.com/socketio/socket.io-client-swift";
			requirement = {
				branch = master;
				kind = branch;
			};
		};
		C17838BA2C984366001589BA /* XCRemoteSwiftPackageReference "firebase-ios-sdk" */ = {
			isa = XCRemoteSwiftPackageReference;
			repositoryURL = "https://github.com/firebase/firebase-ios-sdk";
			requirement = {
				kind = upToNextMajorVersion;
				minimumVersion = 11.2.0;
			};
		};
/* End XCRemoteSwiftPackageReference section */

/* Begin XCSwiftPackageProductDependency section */
		C10921BA2C5C96A000C4633F /* SocketIO */ = {
			isa = XCSwiftPackageProductDependency;
			package = C10921B92C5C96A000C4633F /* XCRemoteSwiftPackageReference "socket" */;
			productName = SocketIO;
		};
		C17838BB2C984366001589BA /* FirebaseAnalytics */ = {
			isa = XCSwiftPackageProductDependency;
			package = C17838BA2C984366001589BA /* XCRemoteSwiftPackageReference "firebase-ios-sdk" */;
			productName = FirebaseAnalytics;
		};
		C17838BD2C984366001589BA /* FirebaseAnalyticsOnDeviceConversion */ = {
			isa = XCSwiftPackageProductDependency;
			package = C17838BA2C984366001589BA /* XCRemoteSwiftPackageReference "firebase-ios-sdk" */;
			productName = FirebaseAnalyticsOnDeviceConversion;
		};
		C17838BF2C984366001589BA /* FirebaseAnalyticsWithoutAdIdSupport */ = {
			isa = XCSwiftPackageProductDependency;
			package = C17838BA2C984366001589BA /* XCRemoteSwiftPackageReference "firebase-ios-sdk" */;
			productName = FirebaseAnalyticsWithoutAdIdSupport;
		};
		C17838C12C984366001589BA /* FirebaseAppCheck */ = {
			isa = XCSwiftPackageProductDependency;
			package = C17838BA2C984366001589BA /* XCRemoteSwiftPackageReference "firebase-ios-sdk" */;
			productName = FirebaseAppCheck;
		};
		C17838C32C984366001589BA /* FirebaseAppDistribution-Beta */ = {
			isa = XCSwiftPackageProductDependency;
			package = C17838BA2C984366001589BA /* XCRemoteSwiftPackageReference "firebase-ios-sdk" */;
			productName = "FirebaseAppDistribution-Beta";
		};
		C17838C52C984366001589BA /* FirebaseAuth */ = {
			isa = XCSwiftPackageProductDependency;
			package = C17838BA2C984366001589BA /* XCRemoteSwiftPackageReference "firebase-ios-sdk" */;
			productName = FirebaseAuth;
		};
		C17838C72C984366001589BA /* FirebaseAuthCombine-Community */ = {
			isa = XCSwiftPackageProductDependency;
			package = C17838BA2C984366001589BA /* XCRemoteSwiftPackageReference "firebase-ios-sdk" */;
			productName = "FirebaseAuthCombine-Community";
		};
		C17838C92C984366001589BA /* FirebaseCrashlytics */ = {
			isa = XCSwiftPackageProductDependency;
			package = C17838BA2C984366001589BA /* XCRemoteSwiftPackageReference "firebase-ios-sdk" */;
			productName = FirebaseCrashlytics;
		};
		C17838CB2C984366001589BA /* FirebaseDatabase */ = {
			isa = XCSwiftPackageProductDependency;
			package = C17838BA2C984366001589BA /* XCRemoteSwiftPackageReference "firebase-ios-sdk" */;
			productName = FirebaseDatabase;
		};
		C17838CD2C984366001589BA /* FirebaseDynamicLinks */ = {
			isa = XCSwiftPackageProductDependency;
			package = C17838BA2C984366001589BA /* XCRemoteSwiftPackageReference "firebase-ios-sdk" */;
			productName = FirebaseDynamicLinks;
		};
		C17838CF2C984366001589BA /* FirebaseFirestore */ = {
			isa = XCSwiftPackageProductDependency;
			package = C17838BA2C984366001589BA /* XCRemoteSwiftPackageReference "firebase-ios-sdk" */;
			productName = FirebaseFirestore;
		};
		C17838D12C984366001589BA /* FirebaseFirestoreCombine-Community */ = {
			isa = XCSwiftPackageProductDependency;
			package = C17838BA2C984366001589BA /* XCRemoteSwiftPackageReference "firebase-ios-sdk" */;
			productName = "FirebaseFirestoreCombine-Community";
		};
		C17838D32C984366001589BA /* FirebaseFunctions */ = {
			isa = XCSwiftPackageProductDependency;
			package = C17838BA2C984366001589BA /* XCRemoteSwiftPackageReference "firebase-ios-sdk" */;
			productName = FirebaseFunctions;
		};
		C17838D52C984366001589BA /* FirebaseFunctionsCombine-Community */ = {
			isa = XCSwiftPackageProductDependency;
			package = C17838BA2C984366001589BA /* XCRemoteSwiftPackageReference "firebase-ios-sdk" */;
			productName = "FirebaseFunctionsCombine-Community";
		};
		C17838D72C984366001589BA /* FirebaseInAppMessaging-Beta */ = {
			isa = XCSwiftPackageProductDependency;
			package = C17838BA2C984366001589BA /* XCRemoteSwiftPackageReference "firebase-ios-sdk" */;
			productName = "FirebaseInAppMessaging-Beta";
		};
		C17838D92C984366001589BA /* FirebaseInstallations */ = {
			isa = XCSwiftPackageProductDependency;
			package = C17838BA2C984366001589BA /* XCRemoteSwiftPackageReference "firebase-ios-sdk" */;
			productName = FirebaseInstallations;
		};
		C17838DB2C984366001589BA /* FirebaseMLModelDownloader */ = {
			isa = XCSwiftPackageProductDependency;
			package = C17838BA2C984366001589BA /* XCRemoteSwiftPackageReference "firebase-ios-sdk" */;
			productName = FirebaseMLModelDownloader;
		};
		C17838DD2C984366001589BA /* FirebaseMessaging */ = {
			isa = XCSwiftPackageProductDependency;
			package = C17838BA2C984366001589BA /* XCRemoteSwiftPackageReference "firebase-ios-sdk" */;
			productName = FirebaseMessaging;
		};
		C17838DF2C984366001589BA /* FirebasePerformance */ = {
			isa = XCSwiftPackageProductDependency;
			package = C17838BA2C984366001589BA /* XCRemoteSwiftPackageReference "firebase-ios-sdk" */;
			productName = FirebasePerformance;
		};
		C17838E12C984366001589BA /* FirebaseRemoteConfig */ = {
			isa = XCSwiftPackageProductDependency;
			package = C17838BA2C984366001589BA /* XCRemoteSwiftPackageReference "firebase-ios-sdk" */;
			productName = FirebaseRemoteConfig;
		};
		C17838E32C984366001589BA /* FirebaseStorage */ = {
			isa = XCSwiftPackageProductDependency;
			package = C17838BA2C984366001589BA /* XCRemoteSwiftPackageReference "firebase-ios-sdk" */;
			productName = FirebaseStorage;
		};
		C17838E52C984366001589BA /* FirebaseStorageCombine-Community */ = {
			isa = XCSwiftPackageProductDependency;
			package = C17838BA2C984366001589BA /* XCRemoteSwiftPackageReference "firebase-ios-sdk" */;
			productName = "FirebaseStorageCombine-Community";
		};
		C17838E72C984366001589BA /* FirebaseVertexAI-Preview */ = {
			isa = XCSwiftPackageProductDependency;
			package = C17838BA2C984366001589BA /* XCRemoteSwiftPackageReference "firebase-ios-sdk" */;
			productName = "FirebaseVertexAI-Preview";
		};
/* End XCSwiftPackageProductDependency section */
	};
	rootObject = C18AC9DD2C37EC1900576E9D /* Project object */;
}
