// !$*UTF8*$!
{
	archiveVersion = 1;
	classes = {
	};
	objectVersion = 56;
	objects = {

/* Begin PBXBuildFile section */
		C10921872C5C76F000C4633F /* Pods_LiveChatSDK.framework in Frameworks */ = {isa = PBXBuildFile; fileRef = 4FD9A2E5991FFD39BBDB03B5 /* Pods_LiveChatSDK.framework */; };
		C10921882C5C76F000C4633F /* Pods_LiveChatSDK.framework in Embed Frameworks */ = {isa = PBXBuildFile; fileRef = 4FD9A2E5991FFD39BBDB03B5 /* Pods_LiveChatSDK.framework */; settings = {ATTRIBUTES = (CodeSignOnCopy, RemoveHeadersOnCopy, ); }; };
		C13712942C4DF99900D0D9FE /* LCSession.swift in Sources */ = {isa = PBXBuildFile; fileRef = C13712932C4DF99900D0D9FE /* LCSession.swift */; };
		C13712962C4DF9E500D0D9FE /* LCUser.swift in Sources */ = {isa = PBXBuildFile; fileRef = C13712952C4DF9E500D0D9FE /* LCUser.swift */; };
		C13712982C4DFA3700D0D9FE /* LCSendMessageEnum.swift in Sources */ = {isa = PBXBuildFile; fileRef = C13712972C4DFA3700D0D9FE /* LCSendMessageEnum.swift */; };
		C137129A2C4DFA9400D0D9FE /* LCSender.swift in Sources */ = {isa = PBXBuildFile; fileRef = C13712992C4DFA9400D0D9FE /* LCSender.swift */; };
		C137129C2C4DFABB00D0D9FE /* LCMessageSend.swift in Sources */ = {isa = PBXBuildFile; fileRef = C137129B2C4DFABB00D0D9FE /* LCMessageSend.swift */; };
		C137129E2C4DFAE400D0D9FE /* LCMessage.swift in Sources */ = {isa = PBXBuildFile; fileRef = C137129D2C4DFAE400D0D9FE /* LCMessage.swift */; };
		C13712A02C4DFB2C00D0D9FE /* LCContent.swift in Sources */ = {isa = PBXBuildFile; fileRef = C137129F2C4DFB2C00D0D9FE /* LCContent.swift */; };
		C13712A22C4DFB5100D0D9FE /* LCAttachment.swift in Sources */ = {isa = PBXBuildFile; fileRef = C13712A12C4DFB5100D0D9FE /* LCAttachment.swift */; };
		C13712A42C4DFB8700D0D9FE /* LCFile.swift in Sources */ = {isa = PBXBuildFile; fileRef = C13712A32C4DFB8700D0D9FE /* LCFile.swift */; };
		C13712A82C4DFCEB00D0D9FE /* LCProtocol.swift in Sources */ = {isa = PBXBuildFile; fileRef = C13712A72C4DFCEB00D0D9FE /* LCProtocol.swift */; };
		C13712AB2C4DFDDF00D0D9FE /* LCInitialEnum.swift in Sources */ = {isa = PBXBuildFile; fileRef = C13712AA2C4DFDDF00D0D9FE /* LCInitialEnum.swift */; };
		C13712AD2C4DFE6E00D0D9FE /* LCAccount.swift in Sources */ = {isa = PBXBuildFile; fileRef = C13712AC2C4DFE6D00D0D9FE /* LCAccount.swift */; };
		C13712AF2C4DFEBD00D0D9FE /* LCSupportType.swift in Sources */ = {isa = PBXBuildFile; fileRef = C13712AE2C4DFEBD00D0D9FE /* LCSupportType.swift */; };
		C13712B12C4E00EF00D0D9FE /* LCListener.swift in Sources */ = {isa = PBXBuildFile; fileRef = C13712B02C4E00EF00D0D9FE /* LCListener.swift */; };
		C13712B32C4E0C6400D0D9FE /* LCLog.swift in Sources */ = {isa = PBXBuildFile; fileRef = C13712B22C4E0C6400D0D9FE /* LCLog.swift */; };
		C13712B52C4E106300D0D9FE /* LCConstant.swift in Sources */ = {isa = PBXBuildFile; fileRef = C13712B42C4E106300D0D9FE /* LCConstant.swift */; };
		C14654D82C4FB7AB00A66B9B /* LCParseUtil.swift in Sources */ = {isa = PBXBuildFile; fileRef = C14654D72C4FB7AB00A66B9B /* LCParseUtil.swift */; };
		C176FF912C59E99800E63D8B /* BlankView.swift in Sources */ = {isa = PBXBuildFile; fileRef = C176FF902C59E99800E63D8B /* BlankView.swift */; };
		C18AC9EA2C37EC1900576E9D /* LiveChatSDK.h in Headers */ = {isa = PBXBuildFile; fileRef = C18AC9E92C37EC1900576E9D /* LiveChatSDK.h */; settings = {ATTRIBUTES = (Public, ); }; };
		C18AC9F12C37EC3500576E9D /* LiveChatFactory.swift in Sources */ = {isa = PBXBuildFile; fileRef = C18AC9F02C37EC3500576E9D /* LiveChatFactory.swift */; };
		C18AC9F42C37EC6E00576E9D /* LiveChatSDK.swift in Sources */ = {isa = PBXBuildFile; fileRef = C18AC9F32C37EC6E00576E9D /* LiveChatSDK.swift */; };
		C1ABB3DD2C40E7A4009CAF27 /* LCMessaging.swift in Sources */ = {isa = PBXBuildFile; fileRef = C1ABB3DC2C40E7A4009CAF27 /* LCMessaging.swift */; };
		C1BF92862C588BC9009FBCED /* LChatView.swift in Sources */ = {isa = PBXBuildFile; fileRef = C1BF92852C588BC9009FBCED /* LChatView.swift */; };
		C1BF92882C588C3C009FBCED /* LCPicker.swift in Sources */ = {isa = PBXBuildFile; fileRef = C1BF92872C588C3C009FBCED /* LCPicker.swift */; };
		C1BF928A2C588D14009FBCED /* LChatViewController.swift in Sources */ = {isa = PBXBuildFile; fileRef = C1BF92892C588D14009FBCED /* LChatViewController.swift */; };
		C1BF928C2C588D31009FBCED /* LCViewModel.swift in Sources */ = {isa = PBXBuildFile; fileRef = C1BF928B2C588D31009FBCED /* LCViewModel.swift */; };
		C1BF928E2C588DC4009FBCED /* LCMessageView.swift in Sources */ = {isa = PBXBuildFile; fileRef = C1BF928D2C588DC4009FBCED /* LCMessageView.swift */; };
		C1BF92902C588FFE009FBCED /* LCImageLoader.swift in Sources */ = {isa = PBXBuildFile; fileRef = C1BF928F2C588FFE009FBCED /* LCImageLoader.swift */; };
		C1BF92922C58901B009FBCED /* LCURLImage.swift in Sources */ = {isa = PBXBuildFile; fileRef = C1BF92912C58901B009FBCED /* LCURLImage.swift */; };
/* End PBXBuildFile section */

/* Begin PBXBuildRule section */
		C101974D2C3BD34E008E3767 /* PBXBuildRule */ = {
			isa = PBXBuildRule;
			compilerSpec = com.apple.compilers.proxy.script;
			fileType = file.rcproject;
			inputFiles = (
			);
			isEditable = 1;
			outputFiles = (
			);
			script = "# rctool\n";
		};
/* End PBXBuildRule section */

/* Begin PBXCopyFilesBuildPhase section */
		C10921892C5C76F100C4633F /* Embed Frameworks */ = {
			isa = PBXCopyFilesBuildPhase;
			buildActionMask = 2147483647;
			dstPath = "";
			dstSubfolderSpec = 10;
			files = (
				C10921882C5C76F000C4633F /* Pods_LiveChatSDK.framework in Embed Frameworks */,
			);
			name = "Embed Frameworks";
			runOnlyForDeploymentPostprocessing = 0;
		};
/* End PBXCopyFilesBuildPhase section */

/* Begin PBXFileReference section */
		2B2AA47C03CB9015C52B98CA /* Pods-LiveChatSDK.debug.xcconfig */ = {isa = PBXFileReference; includeInIndex = 1; lastKnownFileType = text.xcconfig; name = "Pods-LiveChatSDK.debug.xcconfig"; path = "Target Support Files/Pods-LiveChatSDK/Pods-LiveChatSDK.debug.xcconfig"; sourceTree = "<group>"; };
		4FD9A2E5991FFD39BBDB03B5 /* Pods_LiveChatSDK.framework */ = {isa = PBXFileReference; explicitFileType = wrapper.framework; includeInIndex = 0; path = Pods_LiveChatSDK.framework; sourceTree = BUILT_PRODUCTS_DIR; };
		B2DDE95F9ED538DFF19CE5C3 /* Pods-LiveChatSDK.release.xcconfig */ = {isa = PBXFileReference; includeInIndex = 1; lastKnownFileType = text.xcconfig; name = "Pods-LiveChatSDK.release.xcconfig"; path = "Target Support Files/Pods-LiveChatSDK/Pods-LiveChatSDK.release.xcconfig"; sourceTree = "<group>"; };
		C13712932C4DF99900D0D9FE /* LCSession.swift */ = {isa = PBXFileReference; lastKnownFileType = sourcecode.swift; path = LCSession.swift; sourceTree = "<group>"; };
		C13712952C4DF9E500D0D9FE /* LCUser.swift */ = {isa = PBXFileReference; lastKnownFileType = sourcecode.swift; path = LCUser.swift; sourceTree = "<group>"; };
		C13712972C4DFA3700D0D9FE /* LCSendMessageEnum.swift */ = {isa = PBXFileReference; lastKnownFileType = sourcecode.swift; path = LCSendMessageEnum.swift; sourceTree = "<group>"; };
		C13712992C4DFA9400D0D9FE /* LCSender.swift */ = {isa = PBXFileReference; lastKnownFileType = sourcecode.swift; path = LCSender.swift; sourceTree = "<group>"; };
		C137129B2C4DFABB00D0D9FE /* LCMessageSend.swift */ = {isa = PBXFileReference; lastKnownFileType = sourcecode.swift; path = LCMessageSend.swift; sourceTree = "<group>"; };
		C137129D2C4DFAE400D0D9FE /* LCMessage.swift */ = {isa = PBXFileReference; lastKnownFileType = sourcecode.swift; path = LCMessage.swift; sourceTree = "<group>"; };
		C137129F2C4DFB2C00D0D9FE /* LCContent.swift */ = {isa = PBXFileReference; lastKnownFileType = sourcecode.swift; path = LCContent.swift; sourceTree = "<group>"; };
		C13712A12C4DFB5100D0D9FE /* LCAttachment.swift */ = {isa = PBXFileReference; lastKnownFileType = sourcecode.swift; path = LCAttachment.swift; sourceTree = "<group>"; };
		C13712A32C4DFB8700D0D9FE /* LCFile.swift */ = {isa = PBXFileReference; lastKnownFileType = sourcecode.swift; path = LCFile.swift; sourceTree = "<group>"; };
		C13712A72C4DFCEB00D0D9FE /* LCProtocol.swift */ = {isa = PBXFileReference; lastKnownFileType = sourcecode.swift; path = LCProtocol.swift; sourceTree = "<group>"; };
		C13712AA2C4DFDDF00D0D9FE /* LCInitialEnum.swift */ = {isa = PBXFileReference; lastKnownFileType = sourcecode.swift; path = LCInitialEnum.swift; sourceTree = "<group>"; };
		C13712AC2C4DFE6D00D0D9FE /* LCAccount.swift */ = {isa = PBXFileReference; lastKnownFileType = sourcecode.swift; path = LCAccount.swift; sourceTree = "<group>"; };
		C13712AE2C4DFEBD00D0D9FE /* LCSupportType.swift */ = {isa = PBXFileReference; lastKnownFileType = sourcecode.swift; path = LCSupportType.swift; sourceTree = "<group>"; };
		C13712B02C4E00EF00D0D9FE /* LCListener.swift */ = {isa = PBXFileReference; lastKnownFileType = sourcecode.swift; path = LCListener.swift; sourceTree = "<group>"; };
		C13712B22C4E0C6400D0D9FE /* LCLog.swift */ = {isa = PBXFileReference; lastKnownFileType = sourcecode.swift; path = LCLog.swift; sourceTree = "<group>"; };
		C13712B42C4E106300D0D9FE /* LCConstant.swift */ = {isa = PBXFileReference; lastKnownFileType = sourcecode.swift; path = LCConstant.swift; sourceTree = "<group>"; };
		C14654D72C4FB7AB00A66B9B /* LCParseUtil.swift */ = {isa = PBXFileReference; lastKnownFileType = sourcecode.swift; path = LCParseUtil.swift; sourceTree = "<group>"; };
		C176FF902C59E99800E63D8B /* BlankView.swift */ = {isa = PBXFileReference; fileEncoding = 4; lastKnownFileType = sourcecode.swift; path = BlankView.swift; sourceTree = "<group>"; };
		C18AC9E62C37EC1900576E9D /* LiveChatSDK.framework */ = {isa = PBXFileReference; explicitFileType = wrapper.framework; includeInIndex = 0; path = LiveChatSDK.framework; sourceTree = BUILT_PRODUCTS_DIR; };
		C18AC9E92C37EC1900576E9D /* LiveChatSDK.h */ = {isa = PBXFileReference; lastKnownFileType = sourcecode.c.h; path = LiveChatSDK.h; sourceTree = "<group>"; };
		C18AC9F02C37EC3500576E9D /* LiveChatFactory.swift */ = {isa = PBXFileReference; lastKnownFileType = sourcecode.swift; path = LiveChatFactory.swift; sourceTree = "<group>"; };
		C18AC9F32C37EC6E00576E9D /* LiveChatSDK.swift */ = {isa = PBXFileReference; lastKnownFileType = sourcecode.swift; path = LiveChatSDK.swift; sourceTree = "<group>"; };
		C1ABB3DC2C40E7A4009CAF27 /* LCMessaging.swift */ = {isa = PBXFileReference; lastKnownFileType = sourcecode.swift; path = LCMessaging.swift; sourceTree = "<group>"; };
		C1BF92852C588BC9009FBCED /* LChatView.swift */ = {isa = PBXFileReference; lastKnownFileType = sourcecode.swift; path = LChatView.swift; sourceTree = "<group>"; };
		C1BF92872C588C3C009FBCED /* LCPicker.swift */ = {isa = PBXFileReference; lastKnownFileType = sourcecode.swift; path = LCPicker.swift; sourceTree = "<group>"; };
		C1BF92892C588D14009FBCED /* LChatViewController.swift */ = {isa = PBXFileReference; lastKnownFileType = sourcecode.swift; path = LChatViewController.swift; sourceTree = "<group>"; };
		C1BF928B2C588D31009FBCED /* LCViewModel.swift */ = {isa = PBXFileReference; lastKnownFileType = sourcecode.swift; path = LCViewModel.swift; sourceTree = "<group>"; };
		C1BF928D2C588DC4009FBCED /* LCMessageView.swift */ = {isa = PBXFileReference; lastKnownFileType = sourcecode.swift; path = LCMessageView.swift; sourceTree = "<group>"; };
		C1BF928F2C588FFE009FBCED /* LCImageLoader.swift */ = {isa = PBXFileReference; lastKnownFileType = sourcecode.swift; path = LCImageLoader.swift; sourceTree = "<group>"; };
		C1BF92912C58901B009FBCED /* LCURLImage.swift */ = {isa = PBXFileReference; lastKnownFileType = sourcecode.swift; path = LCURLImage.swift; sourceTree = "<group>"; };
/* End PBXFileReference section */

/* Begin PBXFrameworksBuildPhase section */
		C18AC9E32C37EC1900576E9D /* Frameworks */ = {
			isa = PBXFrameworksBuildPhase;
			buildActionMask = 2147483647;
			files = (
				C10921872C5C76F000C4633F /* Pods_LiveChatSDK.framework in Frameworks */,
			);
			runOnlyForDeploymentPostprocessing = 0;
		};
/* End PBXFrameworksBuildPhase section */

/* Begin PBXGroup section */
		49E6144E4C4CBABF1064483C /* Frameworks */ = {
			isa = PBXGroup;
			children = (
				4FD9A2E5991FFD39BBDB03B5 /* Pods_LiveChatSDK.framework */,
			);
			name = Frameworks;
			sourceTree = "<group>";
		};
		60C77005B061C40BF234309E /* Pods */ = {
			isa = PBXGroup;
			children = (
				2B2AA47C03CB9015C52B98CA /* Pods-LiveChatSDK.debug.xcconfig */,
				B2DDE95F9ED538DFF19CE5C3 /* Pods-LiveChatSDK.release.xcconfig */,
			);
			path = Pods;
			sourceTree = "<group>";
		};
		C137128D2C4DF94900D0D9FE /* Model */ = {
			isa = PBXGroup;
			children = (
				C13712A92C4DFDCF00D0D9FE /* Internal */,
				C13712922C4DF98600D0D9FE /* User */,
				C13712912C4DF97E00D0D9FE /* Chat */,
				C13712902C4DF97100D0D9FE /* Attachment */,
			);
			path = Model;
			sourceTree = "<group>";
		};
		C137128E2C4DF95D00D0D9FE /* Listener */ = {
			isa = PBXGroup;
			children = (
				C13712A62C4DFCD000D0D9FE /* Publisher */,
				C13712A52C4DFCC500D0D9FE /* Protocol */,
			);
			path = Listener;
			sourceTree = "<group>";
		};
		C137128F2C4DF96600D0D9FE /* Util */ = {
			isa = PBXGroup;
			children = (
				C13712B22C4E0C6400D0D9FE /* LCLog.swift */,
				C13712B42C4E106300D0D9FE /* LCConstant.swift */,
				C14654D72C4FB7AB00A66B9B /* LCParseUtil.swift */,
			);
			path = Util;
			sourceTree = "<group>";
		};
		C13712902C4DF97100D0D9FE /* Attachment */ = {
			isa = PBXGroup;
			children = (
				C13712A12C4DFB5100D0D9FE /* LCAttachment.swift */,
				C13712A32C4DFB8700D0D9FE /* LCFile.swift */,
			);
			path = Attachment;
			sourceTree = "<group>";
		};
		C13712912C4DF97E00D0D9FE /* Chat */ = {
			isa = PBXGroup;
			children = (
				C13712972C4DFA3700D0D9FE /* LCSendMessageEnum.swift */,
				C13712992C4DFA9400D0D9FE /* LCSender.swift */,
				C137129B2C4DFABB00D0D9FE /* LCMessageSend.swift */,
				C137129D2C4DFAE400D0D9FE /* LCMessage.swift */,
				C137129F2C4DFB2C00D0D9FE /* LCContent.swift */,
			);
			path = Chat;
			sourceTree = "<group>";
		};
		C13712922C4DF98600D0D9FE /* User */ = {
			isa = PBXGroup;
			children = (
				C13712932C4DF99900D0D9FE /* LCSession.swift */,
				C13712952C4DF9E500D0D9FE /* LCUser.swift */,
			);
			path = User;
			sourceTree = "<group>";
		};
		C13712A52C4DFCC500D0D9FE /* Protocol */ = {
			isa = PBXGroup;
			children = (
				C13712A72C4DFCEB00D0D9FE /* LCProtocol.swift */,
			);
			path = Protocol;
			sourceTree = "<group>";
		};
		C13712A62C4DFCD000D0D9FE /* Publisher */ = {
			isa = PBXGroup;
			children = (
				C13712B02C4E00EF00D0D9FE /* LCListener.swift */,
			);
			path = Publisher;
			sourceTree = "<group>";
		};
		C13712A92C4DFDCF00D0D9FE /* Internal */ = {
			isa = PBXGroup;
			children = (
				C13712AA2C4DFDDF00D0D9FE /* LCInitialEnum.swift */,
				C13712AC2C4DFE6D00D0D9FE /* LCAccount.swift */,
				C13712AE2C4DFEBD00D0D9FE /* LCSupportType.swift */,
			);
			path = Internal;
			sourceTree = "<group>";
		};
		C18AC9DC2C37EC1900576E9D = {
			isa = PBXGroup;
			children = (
				C18AC9E82C37EC1900576E9D /* LiveChatSDK */,
				C18AC9E72C37EC1900576E9D /* Products */,
				60C77005B061C40BF234309E /* Pods */,
				49E6144E4C4CBABF1064483C /* Frameworks */,
			);
			sourceTree = "<group>";
		};
		C18AC9E72C37EC1900576E9D /* Products */ = {
			isa = PBXGroup;
			children = (
				C18AC9E62C37EC1900576E9D /* LiveChatSDK.framework */,
			);
			name = Products;
			sourceTree = "<group>";
		};
		C18AC9E82C37EC1900576E9D /* LiveChatSDK */ = {
			isa = PBXGroup;
			children = (
				C1BF92842C5887C5009FBCED /* View */,
				C137128F2C4DF96600D0D9FE /* Util */,
				C137128E2C4DF95D00D0D9FE /* Listener */,
				C137128D2C4DF94900D0D9FE /* Model */,
				C1ABB3DB2C40E78F009CAF27 /* Service */,
				C18AC9F22C37EC3900576E9D /* Core */,
				C18AC9E92C37EC1900576E9D /* LiveChatSDK.h */,
				C18AC9F02C37EC3500576E9D /* LiveChatFactory.swift */,
			);
			path = LiveChatSDK;
			sourceTree = "<group>";
		};
		C18AC9F22C37EC3900576E9D /* Core */ = {
			isa = PBXGroup;
			children = (
				C18AC9F32C37EC6E00576E9D /* LiveChatSDK.swift */,
			);
			path = Core;
			sourceTree = "<group>";
		};
		C1ABB3DB2C40E78F009CAF27 /* Service */ = {
			isa = PBXGroup;
			children = (
				C1ABB3DC2C40E7A4009CAF27 /* LCMessaging.swift */,
			);
			path = Service;
			sourceTree = "<group>";
		};
		C1BF92842C5887C5009FBCED /* View */ = {
			isa = PBXGroup;
			children = (
				C176FF902C59E99800E63D8B /* BlankView.swift */,
				C1BF92942C5891DE009FBCED /* Document */,
				C1BF92932C589086009FBCED /* Component */,
				C1BF92852C588BC9009FBCED /* LChatView.swift */,
				C1BF92892C588D14009FBCED /* LChatViewController.swift */,
				C1BF928B2C588D31009FBCED /* LCViewModel.swift */,
			);
			path = View;
			sourceTree = "<group>";
		};
		C1BF92932C589086009FBCED /* Component */ = {
			isa = PBXGroup;
			children = (
				C1BF928D2C588DC4009FBCED /* LCMessageView.swift */,
				C1BF928F2C588FFE009FBCED /* LCImageLoader.swift */,
				C1BF92912C58901B009FBCED /* LCURLImage.swift */,
			);
			path = Component;
			sourceTree = "<group>";
		};
		C1BF92942C5891DE009FBCED /* Document */ = {
			isa = PBXGroup;
			children = (
				C1BF92872C588C3C009FBCED /* LCPicker.swift */,
			);
			path = Document;
			sourceTree = "<group>";
		};
/* End PBXGroup section */

/* Begin PBXHeadersBuildPhase section */
		C18AC9E12C37EC1900576E9D /* Headers */ = {
			isa = PBXHeadersBuildPhase;
			buildActionMask = 2147483647;
			files = (
				C18AC9EA2C37EC1900576E9D /* LiveChatSDK.h in Headers */,
			);
			runOnlyForDeploymentPostprocessing = 0;
		};
/* End PBXHeadersBuildPhase section */

/* Begin PBXNativeTarget section */
		C18AC9E52C37EC1900576E9D /* LiveChatSDK */ = {
			isa = PBXNativeTarget;
			buildConfigurationList = C18AC9ED2C37EC1900576E9D /* Build configuration list for PBXNativeTarget "LiveChatSDK" */;
			buildPhases = (
				3B79DFA3DA79DB4D7EF04AA7 /* [CP] Check Pods Manifest.lock */,
				C18AC9E12C37EC1900576E9D /* Headers */,
				C18AC9E22C37EC1900576E9D /* Sources */,
				C18AC9E32C37EC1900576E9D /* Frameworks */,
				C18AC9E42C37EC1900576E9D /* Resources */,
				C10921892C5C76F100C4633F /* Embed Frameworks */,
			);
			buildRules = (
				C101974D2C3BD34E008E3767 /* PBXBuildRule */,
			);
			dependencies = (
			);
			name = LiveChatSDK;
			packageProductDependencies = (
			);
			productName = LiveChatSDK;
			productReference = C18AC9E62C37EC1900576E9D /* LiveChatSDK.framework */;
			productType = "com.apple.product-type.framework";
		};
/* End PBXNativeTarget section */

/* Begin PBXProject section */
		C18AC9DD2C37EC1900576E9D /* Project object */ = {
			isa = PBXProject;
			attributes = {
				BuildIndependentTargetsInParallel = 1;
				LastUpgradeCheck = 1520;
				TargetAttributes = {
					C18AC9E52C37EC1900576E9D = {
						CreatedOnToolsVersion = 15.2;
						LastSwiftMigration = 1520;
					};
				};
			};
			buildConfigurationList = C18AC9E02C37EC1900576E9D /* Build configuration list for PBXProject "LiveChatSDK" */;
			compatibilityVersion = "Xcode 14.0";
			developmentRegion = en;
			hasScannedForEncodings = 0;
			knownRegions = (
				en,
				Base,
			);
			mainGroup = C18AC9DC2C37EC1900576E9D;
			packageReferences = (
			);
			productRefGroup = C18AC9E72C37EC1900576E9D /* Products */;
			projectDirPath = "";
			projectRoot = "";
			targets = (
				C18AC9E52C37EC1900576E9D /* LiveChatSDK */,
			);
		};
/* End PBXProject section */

/* Begin PBXResourcesBuildPhase section */
		C18AC9E42C37EC1900576E9D /* Resources */ = {
			isa = PBXResourcesBuildPhase;
			buildActionMask = 2147483647;
			files = (
			);
			runOnlyForDeploymentPostprocessing = 0;
		};
/* End PBXResourcesBuildPhase section */

/* Begin PBXShellScriptBuildPhase section */
		3B79DFA3DA79DB4D7EF04AA7 /* [CP] Check Pods Manifest.lock */ = {
			isa = PBXShellScriptBuildPhase;
			buildActionMask = 2147483647;
			files = (
			);
			inputFileListPaths = (
			);
			inputPaths = (
				"${PODS_PODFILE_DIR_PATH}/Podfile.lock",
				"${PODS_ROOT}/Manifest.lock",
			);
			name = "[CP] Check Pods Manifest.lock";
			outputFileListPaths = (
			);
			outputPaths = (
				"$(DERIVED_FILE_DIR)/Pods-LiveChatSDK-checkManifestLockResult.txt",
			);
			runOnlyForDeploymentPostprocessing = 0;
			shellPath = /bin/sh;
			shellScript = "diff \"${PODS_PODFILE_DIR_PATH}/Podfile.lock\" \"${PODS_ROOT}/Manifest.lock\" > /dev/null\nif [ $? != 0 ] ; then\n    # print error to STDERR\n    echo \"error: The sandbox is not in sync with the Podfile.lock. Run 'pod install' or update your CocoaPods installation.\" >&2\n    exit 1\nfi\n# This output is used by Xcode 'outputs' to avoid re-running this script phase.\necho \"SUCCESS\" > \"${SCRIPT_OUTPUT_FILE_0}\"\n";
			showEnvVarsInLog = 0;
		};
/* End PBXShellScriptBuildPhase section */

/* Begin PBXSourcesBuildPhase section */
		C18AC9E22C37EC1900576E9D /* Sources */ = {
			isa = PBXSourcesBuildPhase;
			buildActionMask = 2147483647;
			files = (
				C1ABB3DD2C40E7A4009CAF27 /* LCMessaging.swift in Sources */,
				C13712942C4DF99900D0D9FE /* LCSession.swift in Sources */,
				C13712AB2C4DFDDF00D0D9FE /* LCInitialEnum.swift in Sources */,
				C13712AD2C4DFE6E00D0D9FE /* LCAccount.swift in Sources */,
				C13712A22C4DFB5100D0D9FE /* LCAttachment.swift in Sources */,
				C13712B32C4E0C6400D0D9FE /* LCLog.swift in Sources */,
				C137129E2C4DFAE400D0D9FE /* LCMessage.swift in Sources */,
				C18AC9F12C37EC3500576E9D /* LiveChatFactory.swift in Sources */,
				C18AC9F42C37EC6E00576E9D /* LiveChatSDK.swift in Sources */,
				C1BF92902C588FFE009FBCED /* LCImageLoader.swift in Sources */,
				C137129C2C4DFABB00D0D9FE /* LCMessageSend.swift in Sources */,
				C13712A02C4DFB2C00D0D9FE /* LCContent.swift in Sources */,
				C13712962C4DF9E500D0D9FE /* LCUser.swift in Sources */,
				C176FF912C59E99800E63D8B /* BlankView.swift in Sources */,
				C1BF92882C588C3C009FBCED /* LCPicker.swift in Sources */,
				C13712982C4DFA3700D0D9FE /* LCSendMessageEnum.swift in Sources */,
				C13712AF2C4DFEBD00D0D9FE /* LCSupportType.swift in Sources */,
				C1BF928C2C588D31009FBCED /* LCViewModel.swift in Sources */,
				C1BF92922C58901B009FBCED /* LCURLImage.swift in Sources */,
				C1BF928E2C588DC4009FBCED /* LCMessageView.swift in Sources */,
				C13712A42C4DFB8700D0D9FE /* LCFile.swift in Sources */,
				C1BF928A2C588D14009FBCED /* LChatViewController.swift in Sources */,
				C137129A2C4DFA9400D0D9FE /* LCSender.swift in Sources */,
				C14654D82C4FB7AB00A66B9B /* LCParseUtil.swift in Sources */,
				C13712B12C4E00EF00D0D9FE /* LCListener.swift in Sources */,
				C1BF92862C588BC9009FBCED /* LChatView.swift in Sources */,
				C13712A82C4DFCEB00D0D9FE /* LCProtocol.swift in Sources */,
				C13712B52C4E106300D0D9FE /* LCConstant.swift in Sources */,
			);
			runOnlyForDeploymentPostprocessing = 0;
		};
/* End PBXSourcesBuildPhase section */

/* Begin XCBuildConfiguration section */
		C18AC9EB2C37EC1900576E9D /* Debug */ = {
			isa = XCBuildConfiguration;
			buildSettings = {
				ALWAYS_SEARCH_USER_PATHS = NO;
				ASSETCATALOG_COMPILER_GENERATE_SWIFT_ASSET_SYMBOL_EXTENSIONS = YES;
				CLANG_ANALYZER_NONNULL = YES;
				CLANG_ANALYZER_NUMBER_OBJECT_CONVERSION = YES_AGGRESSIVE;
				CLANG_CXX_LANGUAGE_STANDARD = "gnu++20";
				CLANG_ENABLE_MODULES = YES;
				CLANG_ENABLE_OBJC_ARC = YES;
				CLANG_ENABLE_OBJC_WEAK = YES;
				CLANG_WARN_BLOCK_CAPTURE_AUTORELEASING = YES;
				CLANG_WARN_BOOL_CONVERSION = YES;
				CLANG_WARN_COMMA = YES;
				CLANG_WARN_CONSTANT_CONVERSION = YES;
				CLANG_WARN_DEPRECATED_OBJC_IMPLEMENTATIONS = YES;
				CLANG_WARN_DIRECT_OBJC_ISA_USAGE = YES_ERROR;
				CLANG_WARN_DOCUMENTATION_COMMENTS = YES;
				CLANG_WARN_EMPTY_BODY = YES;
				CLANG_WARN_ENUM_CONVERSION = YES;
				CLANG_WARN_INFINITE_RECURSION = YES;
				CLANG_WARN_INT_CONVERSION = YES;
				CLANG_WARN_NON_LITERAL_NULL_CONVERSION = YES;
				CLANG_WARN_OBJC_IMPLICIT_RETAIN_SELF = YES;
				CLANG_WARN_OBJC_LITERAL_CONVERSION = YES;
				CLANG_WARN_OBJC_ROOT_CLASS = YES_ERROR;
				CLANG_WARN_QUOTED_INCLUDE_IN_FRAMEWORK_HEADER = YES;
				CLANG_WARN_RANGE_LOOP_ANALYSIS = YES;
				CLANG_WARN_STRICT_PROTOTYPES = YES;
				CLANG_WARN_SUSPICIOUS_MOVE = YES;
				CLANG_WARN_UNGUARDED_AVAILABILITY = YES_AGGRESSIVE;
				CLANG_WARN_UNREACHABLE_CODE = YES;
				CLANG_WARN__DUPLICATE_METHOD_MATCH = YES;
				COPY_PHASE_STRIP = NO;
				CURRENT_PROJECT_VERSION = 1;
				DEBUG_INFORMATION_FORMAT = dwarf;
				ENABLE_STRICT_OBJC_MSGSEND = YES;
				ENABLE_TESTABILITY = YES;
				ENABLE_USER_SCRIPT_SANDBOXING = YES;
				GCC_C_LANGUAGE_STANDARD = gnu17;
				GCC_DYNAMIC_NO_PIC = NO;
				GCC_NO_COMMON_BLOCKS = YES;
				GCC_OPTIMIZATION_LEVEL = 0;
				GCC_PREPROCESSOR_DEFINITIONS = (
					"DEBUG=1",
					"$(inherited)",
				);
				GCC_WARN_64_TO_32_BIT_CONVERSION = YES;
				GCC_WARN_ABOUT_RETURN_TYPE = YES_ERROR;
				GCC_WARN_UNDECLARED_SELECTOR = YES;
				GCC_WARN_UNINITIALIZED_AUTOS = YES_AGGRESSIVE;
				GCC_WARN_UNUSED_FUNCTION = YES;
				GCC_WARN_UNUSED_VARIABLE = YES;
				IPHONEOS_DEPLOYMENT_TARGET = 14.0;
				LOCALIZATION_PREFERS_STRING_CATALOGS = YES;
				MTL_ENABLE_DEBUG_INFO = INCLUDE_SOURCE;
				MTL_FAST_MATH = YES;
				ONLY_ACTIVE_ARCH = YES;
				SDKROOT = iphoneos;
				SWIFT_ACTIVE_COMPILATION_CONDITIONS = "DEBUG $(inherited)";
				SWIFT_OPTIMIZATION_LEVEL = "-Onone";
				VERSIONING_SYSTEM = "apple-generic";
				VERSION_INFO_PREFIX = "";
			};
			name = Debug;
		};
		C18AC9EC2C37EC1900576E9D /* Release */ = {
			isa = XCBuildConfiguration;
			buildSettings = {
				ALWAYS_SEARCH_USER_PATHS = NO;
				ASSETCATALOG_COMPILER_GENERATE_SWIFT_ASSET_SYMBOL_EXTENSIONS = YES;
				CLANG_ANALYZER_NONNULL = YES;
				CLANG_ANALYZER_NUMBER_OBJECT_CONVERSION = YES_AGGRESSIVE;
				CLANG_CXX_LANGUAGE_STANDARD = "gnu++20";
				CLANG_ENABLE_MODULES = YES;
				CLANG_ENABLE_OBJC_ARC = YES;
				CLANG_ENABLE_OBJC_WEAK = YES;
				CLANG_WARN_BLOCK_CAPTURE_AUTORELEASING = YES;
				CLANG_WARN_BOOL_CONVERSION = YES;
				CLANG_WARN_COMMA = YES;
				CLANG_WARN_CONSTANT_CONVERSION = YES;
				CLANG_WARN_DEPRECATED_OBJC_IMPLEMENTATIONS = YES;
				CLANG_WARN_DIRECT_OBJC_ISA_USAGE = YES_ERROR;
				CLANG_WARN_DOCUMENTATION_COMMENTS = YES;
				CLANG_WARN_EMPTY_BODY = YES;
				CLANG_WARN_ENUM_CONVERSION = YES;
				CLANG_WARN_INFINITE_RECURSION = YES;
				CLANG_WARN_INT_CONVERSION = YES;
				CLANG_WARN_NON_LITERAL_NULL_CONVERSION = YES;
				CLANG_WARN_OBJC_IMPLICIT_RETAIN_SELF = YES;
				CLANG_WARN_OBJC_LITERAL_CONVERSION = YES;
				CLANG_WARN_OBJC_ROOT_CLASS = YES_ERROR;
				CLANG_WARN_QUOTED_INCLUDE_IN_FRAMEWORK_HEADER = YES;
				CLANG_WARN_RANGE_LOOP_ANALYSIS = YES;
				CLANG_WARN_STRICT_PROTOTYPES = YES;
				CLANG_WARN_SUSPICIOUS_MOVE = YES;
				CLANG_WARN_UNGUARDED_AVAILABILITY = YES_AGGRESSIVE;
				CLANG_WARN_UNREACHABLE_CODE = YES;
				CLANG_WARN__DUPLICATE_METHOD_MATCH = YES;
				COPY_PHASE_STRIP = NO;
				CURRENT_PROJECT_VERSION = 1;
				DEBUG_INFORMATION_FORMAT = "dwarf-with-dsym";
				ENABLE_NS_ASSERTIONS = NO;
				ENABLE_STRICT_OBJC_MSGSEND = YES;
				ENABLE_USER_SCRIPT_SANDBOXING = YES;
				GCC_C_LANGUAGE_STANDARD = gnu17;
				GCC_NO_COMMON_BLOCKS = YES;
				GCC_WARN_64_TO_32_BIT_CONVERSION = YES;
				GCC_WARN_ABOUT_RETURN_TYPE = YES_ERROR;
				GCC_WARN_UNDECLARED_SELECTOR = YES;
				GCC_WARN_UNINITIALIZED_AUTOS = YES_AGGRESSIVE;
				GCC_WARN_UNUSED_FUNCTION = YES;
				GCC_WARN_UNUSED_VARIABLE = YES;
				IPHONEOS_DEPLOYMENT_TARGET = 14.0;
				LOCALIZATION_PREFERS_STRING_CATALOGS = YES;
				MTL_ENABLE_DEBUG_INFO = NO;
				MTL_FAST_MATH = YES;
				SDKROOT = iphoneos;
				SWIFT_COMPILATION_MODE = wholemodule;
				VALIDATE_PRODUCT = YES;
				VERSIONING_SYSTEM = "apple-generic";
				VERSION_INFO_PREFIX = "";
			};
			name = Release;
		};
		C18AC9EE2C37EC1900576E9D /* Debug */ = {
			isa = XCBuildConfiguration;
			baseConfigurationReference = 2B2AA47C03CB9015C52B98CA /* Pods-LiveChatSDK.debug.xcconfig */;
			buildSettings = {
				CLANG_ENABLE_MODULES = YES;
				CODE_SIGN_STYLE = Automatic;
				CURRENT_PROJECT_VERSION = 1;
				DEFINES_MODULE = YES;
				DEVELOPMENT_TEAM = 772AR38V98;
				DYLIB_COMPATIBILITY_VERSION = 1;
				DYLIB_CURRENT_VERSION = 1;
				DYLIB_INSTALL_NAME_BASE = "@rpath";
				ENABLE_MODULE_VERIFIER = YES;
				GENERATE_INFOPLIST_FILE = YES;
				INFOPLIST_KEY_NSHumanReadableCopyright = "";
				INSTALL_PATH = "$(LOCAL_LIBRARY_DIR)/Frameworks";
				IPHONEOS_DEPLOYMENT_TARGET = 14.0;
				LD_RUNPATH_SEARCH_PATHS = (
					"$(inherited)",
					"@executable_path/Frameworks",
					"@loader_path/Frameworks",
				);
				MARKETING_VERSION = 1.0;
				MODULE_VERIFIER_SUPPORTED_LANGUAGES = "objective-c objective-c++";
				MODULE_VERIFIER_SUPPORTED_LANGUAGE_STANDARDS = "gnu17 gnu++20";
				PRODUCT_BUNDLE_IDENTIFIER = com.vn.build.mitek.LiveChatSDK;
				PRODUCT_NAME = "$(TARGET_NAME:c99extidentifier)";
				SKIP_INSTALL = YES;
				SUPPORTED_PLATFORMS = "iphoneos iphonesimulator";
				SUPPORTS_MACCATALYST = NO;
				SUPPORTS_MAC_DESIGNED_FOR_IPHONE_IPAD = NO;
				SUPPORTS_XR_DESIGNED_FOR_IPHONE_IPAD = NO;
				SWIFT_EMIT_LOC_STRINGS = YES;
				SWIFT_OPTIMIZATION_LEVEL = "-Onone";
				SWIFT_VERSION = 5.0;
				TARGETED_DEVICE_FAMILY = 1;
			};
			name = Debug;
		};
		C18AC9EF2C37EC1900576E9D /* Release */ = {
			isa = XCBuildConfiguration;
			baseConfigurationReference = B2DDE95F9ED538DFF19CE5C3 /* Pods-LiveChatSDK.release.xcconfig */;
			buildSettings = {
				CLANG_ENABLE_MODULES = YES;
				CODE_SIGN_STYLE = Automatic;
				CURRENT_PROJECT_VERSION = 1;
				DEFINES_MODULE = YES;
				DEVELOPMENT_TEAM = 772AR38V98;
				DYLIB_COMPATIBILITY_VERSION = 1;
				DYLIB_CURRENT_VERSION = 1;
				DYLIB_INSTALL_NAME_BASE = "@rpath";
				ENABLE_MODULE_VERIFIER = YES;
				GENERATE_INFOPLIST_FILE = YES;
				INFOPLIST_KEY_NSHumanReadableCopyright = "";
				INSTALL_PATH = "$(LOCAL_LIBRARY_DIR)/Frameworks";
				IPHONEOS_DEPLOYMENT_TARGET = 14.0;
				LD_RUNPATH_SEARCH_PATHS = (
					"$(inherited)",
					"@executable_path/Frameworks",
					"@loader_path/Frameworks",
				);
				MARKETING_VERSION = 1.0;
				MODULE_VERIFIER_SUPPORTED_LANGUAGES = "objective-c objective-c++";
				MODULE_VERIFIER_SUPPORTED_LANGUAGE_STANDARDS = "gnu17 gnu++20";
				PRODUCT_BUNDLE_IDENTIFIER = com.vn.build.mitek.LiveChatSDK;
				PRODUCT_NAME = "$(TARGET_NAME:c99extidentifier)";
				SKIP_INSTALL = YES;
				SUPPORTED_PLATFORMS = "iphoneos iphonesimulator";
				SUPPORTS_MACCATALYST = NO;
				SUPPORTS_MAC_DESIGNED_FOR_IPHONE_IPAD = NO;
				SUPPORTS_XR_DESIGNED_FOR_IPHONE_IPAD = NO;
				SWIFT_EMIT_LOC_STRINGS = YES;
				SWIFT_VERSION = 5.0;
				TARGETED_DEVICE_FAMILY = 1;
			};
			name = Release;
		};
/* End XCBuildConfiguration section */

/* Begin XCConfigurationList section */
		C18AC9E02C37EC1900576E9D /* Build configuration list for PBXProject "LiveChatSDK" */ = {
			isa = XCConfigurationList;
			buildConfigurations = (
				C18AC9EB2C37EC1900576E9D /* Debug */,
				C18AC9EC2C37EC1900576E9D /* Release */,
			);
			defaultConfigurationIsVisible = 0;
			defaultConfigurationName = Release;
		};
		C18AC9ED2C37EC1900576E9D /* Build configuration list for PBXNativeTarget "LiveChatSDK" */ = {
			isa = XCConfigurationList;
			buildConfigurations = (
				C18AC9EE2C37EC1900576E9D /* Debug */,
				C18AC9EF2C37EC1900576E9D /* Release */,
			);
			defaultConfigurationIsVisible = 0;
			defaultConfigurationName = Release;
		};
/* End XCConfigurationList section */
	};
	rootObject = C18AC9DD2C37EC1900576E9D /* Project object */;
}
